
Microsoft Visual Studio Solution File, Format Version 12.00
# Visual Studio Version 17
VisualStudioVersion = 17.9.34414.90
MinimumVisualStudioVersion = 10.0.40219.1
Project("{9A19103F-16F7-4668-BE54-9A1E7A4F7556}") = "UML&Patterns 02. 0. SOLID Principles", "UML&Patterns 02. SOLID Principles\UML&Patterns 02. 0. SOLID Principles.csproj", "{CF508B95-A537-42F5-A472-1D40BC6E0DA7}"
EndProject
Project("{9A19103F-16F7-4668-BE54-9A1E7A4F7556}") = "UML&Patterns 02. 1. Single_Responsibility", "UML&Patterns 02. 1. Single_Responsibility\UML&Patterns 02. 1. Single_Responsibility.csproj", "{C5E8C1FE-0859-4E62-A646-3F1ACD6C43CD}"
EndProject
Project("{9A19103F-16F7-4668-BE54-9A1E7A4F7556}") = "UML&Patterns 02. 2. Open_Closed", "UML&Patterns 02. 2. Open_Closed\UML&Patterns 02. 2. Open_Closed.csproj", "{D4337597-5774-4860-BB7C-30F2008EB4AC}"
EndProject
Project("{9A19103F-16F7-4668-BE54-9A1E7A4F7556}") = "UML&Patterns 02. 3. Liskov_Substitution", "UML&Patterns 02. 3. Liskov_Substitution\UML&Patterns 02. 3. Liskov_Substitution.csproj", "{185390CD-B329-4D9E-AE4F-9A5DC970D46A}"
EndProject
Project("{9A19103F-16F7-4668-BE54-9A1E7A4F7556}") = "UML&Patterns 02. 4. Interface_Segregation", "UML&Patterns 02. 4. Interface_Segregation\UML&Patterns 02. 4. Interface_Segregation.csproj", "{26A9DA6E-61C3-4F13-B30B-6943498EEEDE}"
EndProject
Project("{9A19103F-16F7-4668-BE54-9A1E7A4F7556}") = "UML&Patterns 02. 5. Dependency_Inversion", "UML&Patterns 02. 4. Dependency_Inversion\UML&Patterns 02. 5. Dependency_Inversion.csproj", "{36478CC7-66C6-4095-A9DE-8DE5E3D572A6}"
EndProject
Project("{2150E333-8FDC-42A3-9474-1A3956D46DE8}") = "UML&Patterns 08", "UML&Patterns 08", "{0C81F24B-841D-4B60-83E9-B6625566618E}"
EndProject
Project("{9A19103F-16F7-4668-BE54-9A1E7A4F7556}") = "UML&Patterns 08. Bridge pattern", "UML&Patterns 08. Bridge pattern\UML&Patterns 08. Bridge pattern.csproj", "{B136CE7F-F3C6-43E3-BFF2-DEC452DB3710}"
EndProject
Project("{2150E333-8FDC-42A3-9474-1A3956D46DE8}") = "UML&Patterns 02", "UML&Patterns 02", "{F24D4047-C96B-40D0-97B1-1A1D0D630227}"
EndProject
Project("{9A19103F-16F7-4668-BE54-9A1E7A4F7556}") = "UML&Patter5ns 08. Bridge Pattern (Figure and Color)", "UML&Patter5ns 08. Bridge Pattern (Figure and Color)\UML&Patter5ns 08. Bridge Pattern (Figure and Color).csproj", "{14A54E2F-36F3-404B-A98E-AEB242D957C0}"
EndProject
Project("{9A19103F-16F7-4668-BE54-9A1E7A4F7556}") = "UML&Patterns 08. FlyWeight pattern", "UML&Patterns 08. FlyWeight pattern\UML&Patterns 08. FlyWeight pattern.csproj", "{BDD1AFCB-A291-4CD0-A615-C36631545A6B}"
EndProject
Project("{9A19103F-16F7-4668-BE54-9A1E7A4F7556}") = "UML&Patterns 08. ChainOfResponsibility", "UML&Patterns 08. ChainOfResponsibility\UML&Patterns 08. ChainOfResponsibility.csproj", "{460A4854-FB95-41FC-9A0B-59BFE3C58C6D}"
EndProject
Project("{2150E333-8FDC-42A3-9474-1A3956D46DE8}") = "UML&Patterns 09", "UML&Patterns 09", "{BCD82A14-0DD6-49DF-9EE7-FBE5DB83137B}"
EndProject
Project("{FAE04EC0-301F-11D3-BF4B-00C04F79EFBC}") = "UML&PAtterns 09. Iterator pattern", "UML&PAtterns 09. Iterator pattern\UML&PAtterns 09. Iterator pattern.csproj", "{816400F0-D62C-405C-ACA8-AB4273EF6D17}"
EndProject
Project("{FAE04EC0-301F-11D3-BF4B-00C04F79EFBC}") = "UML&Patterns 09. Observer pattern", "UML&Patterns 09. Observer pattern\UML&Patterns 09. Observer pattern.csproj", "{0EFE03F2-1040-4B36-BEBB-6B264F4619F2}"
EndProject
Project("{FAE04EC0-301F-11D3-BF4B-00C04F79EFBC}") = "UML&Patterns 09. Strategy pattern", "UML&Patterns 09. Strategy pattern\UML&Patterns 09. Strategy pattern.csproj", "{C54DC92D-79BC-4764-B968-F9E8C238F5AE}"
EndProject
Project("{FAE04EC0-301F-11D3-BF4B-00C04F79EFBC}") = "UML&Patterns 09. Template Method patern", "UML&Patterns 09. Template Method patern\UML&Patterns 09. Template Method patern.csproj", "{CC16D8BE-CF4F-4663-9A95-B2659613768B}"
EndProject
Project("{FAE04EC0-301F-11D3-BF4B-00C04F79EFBC}") = "UML&Patterns 09. Mediator pattern", "UML&Patterns 09. Mediator pattern\UML&Patterns 09. Mediator pattern.csproj", "{C85CF07B-B90C-4F23-81E3-103938D8B34A}"
EndProject
Global
	GlobalSection(SolutionConfigurationPlatforms) = preSolution
		Debug|Any CPU = Debug|Any CPU
		Release|Any CPU = Release|Any CPU
	EndGlobalSection
	GlobalSection(ProjectConfigurationPlatforms) = postSolution
		{CF508B95-A537-42F5-A472-1D40BC6E0DA7}.Debug|Any CPU.ActiveCfg = Debug|Any CPU
		{CF508B95-A537-42F5-A472-1D40BC6E0DA7}.Debug|Any CPU.Build.0 = Debug|Any CPU
		{CF508B95-A537-42F5-A472-1D40BC6E0DA7}.Release|Any CPU.ActiveCfg = Release|Any CPU
		{CF508B95-A537-42F5-A472-1D40BC6E0DA7}.Release|Any CPU.Build.0 = Release|Any CPU
		{C5E8C1FE-0859-4E62-A646-3F1ACD6C43CD}.Debug|Any CPU.ActiveCfg = Debug|Any CPU
		{C5E8C1FE-0859-4E62-A646-3F1ACD6C43CD}.Debug|Any CPU.Build.0 = Debug|Any CPU
		{C5E8C1FE-0859-4E62-A646-3F1ACD6C43CD}.Release|Any CPU.ActiveCfg = Release|Any CPU
		{C5E8C1FE-0859-4E62-A646-3F1ACD6C43CD}.Release|Any CPU.Build.0 = Release|Any CPU
		{D4337597-5774-4860-BB7C-30F2008EB4AC}.Debug|Any CPU.ActiveCfg = Debug|Any CPU
		{D4337597-5774-4860-BB7C-30F2008EB4AC}.Debug|Any CPU.Build.0 = Debug|Any CPU
		{D4337597-5774-4860-BB7C-30F2008EB4AC}.Release|Any CPU.ActiveCfg = Release|Any CPU
		{D4337597-5774-4860-BB7C-30F2008EB4AC}.Release|Any CPU.Build.0 = Release|Any CPU
		{185390CD-B329-4D9E-AE4F-9A5DC970D46A}.Debug|Any CPU.ActiveCfg = Debug|Any CPU
		{185390CD-B329-4D9E-AE4F-9A5DC970D46A}.Debug|Any CPU.Build.0 = Debug|Any CPU
		{185390CD-B329-4D9E-AE4F-9A5DC970D46A}.Release|Any CPU.ActiveCfg = Release|Any CPU
		{185390CD-B329-4D9E-AE4F-9A5DC970D46A}.Release|Any CPU.Build.0 = Release|Any CPU
		{26A9DA6E-61C3-4F13-B30B-6943498EEEDE}.Debug|Any CPU.ActiveCfg = Debug|Any CPU
		{26A9DA6E-61C3-4F13-B30B-6943498EEEDE}.Debug|Any CPU.Build.0 = Debug|Any CPU
		{26A9DA6E-61C3-4F13-B30B-6943498EEEDE}.Release|Any CPU.ActiveCfg = Release|Any CPU
		{26A9DA6E-61C3-4F13-B30B-6943498EEEDE}.Release|Any CPU.Build.0 = Release|Any CPU
		{36478CC7-66C6-4095-A9DE-8DE5E3D572A6}.Debug|Any CPU.ActiveCfg = Debug|Any CPU
		{36478CC7-66C6-4095-A9DE-8DE5E3D572A6}.Debug|Any CPU.Build.0 = Debug|Any CPU
		{36478CC7-66C6-4095-A9DE-8DE5E3D572A6}.Release|Any CPU.ActiveCfg = Release|Any CPU
		{36478CC7-66C6-4095-A9DE-8DE5E3D572A6}.Release|Any CPU.Build.0 = Release|Any CPU
		{B136CE7F-F3C6-43E3-BFF2-DEC452DB3710}.Debug|Any CPU.ActiveCfg = Debug|Any CPU
		{B136CE7F-F3C6-43E3-BFF2-DEC452DB3710}.Debug|Any CPU.Build.0 = Debug|Any CPU
		{B136CE7F-F3C6-43E3-BFF2-DEC452DB3710}.Release|Any CPU.ActiveCfg = Release|Any CPU
		{B136CE7F-F3C6-43E3-BFF2-DEC452DB3710}.Release|Any CPU.Build.0 = Release|Any CPU
		{14A54E2F-36F3-404B-A98E-AEB242D957C0}.Debug|Any CPU.ActiveCfg = Debug|Any CPU
		{14A54E2F-36F3-404B-A98E-AEB242D957C0}.Debug|Any CPU.Build.0 = Debug|Any CPU
		{14A54E2F-36F3-404B-A98E-AEB242D957C0}.Release|Any CPU.ActiveCfg = Release|Any CPU
		{14A54E2F-36F3-404B-A98E-AEB242D957C0}.Release|Any CPU.Build.0 = Release|Any CPU
		{BDD1AFCB-A291-4CD0-A615-C36631545A6B}.Debug|Any CPU.ActiveCfg = Debug|Any CPU
		{BDD1AFCB-A291-4CD0-A615-C36631545A6B}.Debug|Any CPU.Build.0 = Debug|Any CPU
		{BDD1AFCB-A291-4CD0-A615-C36631545A6B}.Release|Any CPU.ActiveCfg = Release|Any CPU
		{BDD1AFCB-A291-4CD0-A615-C36631545A6B}.Release|Any CPU.Build.0 = Release|Any CPU
		{460A4854-FB95-41FC-9A0B-59BFE3C58C6D}.Debug|Any CPU.ActiveCfg = Debug|Any CPU
		{460A4854-FB95-41FC-9A0B-59BFE3C58C6D}.Debug|Any CPU.Build.0 = Debug|Any CPU
		{460A4854-FB95-41FC-9A0B-59BFE3C58C6D}.Release|Any CPU.ActiveCfg = Release|Any CPU
		{460A4854-FB95-41FC-9A0B-59BFE3C58C6D}.Release|Any CPU.Build.0 = Release|Any CPU
		{816400F0-D62C-405C-ACA8-AB4273EF6D17}.Debug|Any CPU.ActiveCfg = Debug|Any CPU
		{816400F0-D62C-405C-ACA8-AB4273EF6D17}.Debug|Any CPU.Build.0 = Debug|Any CPU
		{816400F0-D62C-405C-ACA8-AB4273EF6D17}.Release|Any CPU.ActiveCfg = Release|Any CPU
		{816400F0-D62C-405C-ACA8-AB4273EF6D17}.Release|Any CPU.Build.0 = Release|Any CPU
		{0EFE03F2-1040-4B36-BEBB-6B264F4619F2}.Debug|Any CPU.ActiveCfg = Debug|Any CPU
		{0EFE03F2-1040-4B36-BEBB-6B264F4619F2}.Debug|Any CPU.Build.0 = Debug|Any CPU
		{0EFE03F2-1040-4B36-BEBB-6B264F4619F2}.Release|Any CPU.ActiveCfg = Release|Any CPU
		{0EFE03F2-1040-4B36-BEBB-6B264F4619F2}.Release|Any CPU.Build.0 = Release|Any CPU
		{C54DC92D-79BC-4764-B968-F9E8C238F5AE}.Debug|Any CPU.ActiveCfg = Debug|Any CPU
		{C54DC92D-79BC-4764-B968-F9E8C238F5AE}.Debug|Any CPU.Build.0 = Debug|Any CPU
		{C54DC92D-79BC-4764-B968-F9E8C238F5AE}.Release|Any CPU.ActiveCfg = Release|Any CPU
		{C54DC92D-79BC-4764-B968-F9E8C238F5AE}.Release|Any CPU.Build.0 = Release|Any CPU
		{CC16D8BE-CF4F-4663-9A95-B2659613768B}.Debug|Any CPU.ActiveCfg = Debug|Any CPU
		{CC16D8BE-CF4F-4663-9A95-B2659613768B}.Debug|Any CPU.Build.0 = Debug|Any CPU
		{CC16D8BE-CF4F-4663-9A95-B2659613768B}.Release|Any CPU.ActiveCfg = Release|Any CPU
		{CC16D8BE-CF4F-4663-9A95-B2659613768B}.Release|Any CPU.Build.0 = Release|Any CPU
		{C85CF07B-B90C-4F23-81E3-103938D8B34A}.Debug|Any CPU.ActiveCfg = Debug|Any CPU
		{C85CF07B-B90C-4F23-81E3-103938D8B34A}.Debug|Any CPU.Build.0 = Debug|Any CPU
		{C85CF07B-B90C-4F23-81E3-103938D8B34A}.Release|Any CPU.ActiveCfg = Release|Any CPU
		{C85CF07B-B90C-4F23-81E3-103938D8B34A}.Release|Any CPU.Build.0 = Release|Any CPU
	EndGlobalSection
	GlobalSection(SolutionProperties) = preSolution
		HideSolutionNode = FALSE
	EndGlobalSection
	GlobalSection(NestedProjects) = preSolution
		{CF508B95-A537-42F5-A472-1D40BC6E0DA7} = {F24D4047-C96B-40D0-97B1-1A1D0D630227}
		{C5E8C1FE-0859-4E62-A646-3F1ACD6C43CD} = {F24D4047-C96B-40D0-97B1-1A1D0D630227}
		{D4337597-5774-4860-BB7C-30F2008EB4AC} = {F24D4047-C96B-40D0-97B1-1A1D0D630227}
		{185390CD-B329-4D9E-AE4F-9A5DC970D46A} = {F24D4047-C96B-40D0-97B1-1A1D0D630227}
		{26A9DA6E-61C3-4F13-B30B-6943498EEEDE} = {F24D4047-C96B-40D0-97B1-1A1D0D630227}
		{36478CC7-66C6-4095-A9DE-8DE5E3D572A6} = {F24D4047-C96B-40D0-97B1-1A1D0D630227}
		{B136CE7F-F3C6-43E3-BFF2-DEC452DB3710} = {0C81F24B-841D-4B60-83E9-B6625566618E}
		{14A54E2F-36F3-404B-A98E-AEB242D957C0} = {0C81F24B-841D-4B60-83E9-B6625566618E}
		{BDD1AFCB-A291-4CD0-A615-C36631545A6B} = {0C81F24B-841D-4B60-83E9-B6625566618E}
		{460A4854-FB95-41FC-9A0B-59BFE3C58C6D} = {0C81F24B-841D-4B60-83E9-B6625566618E}
		{816400F0-D62C-405C-ACA8-AB4273EF6D17} = {BCD82A14-0DD6-49DF-9EE7-FBE5DB83137B}
		{0EFE03F2-1040-4B36-BEBB-6B264F4619F2} = {BCD82A14-0DD6-49DF-9EE7-FBE5DB83137B}
		{C54DC92D-79BC-4764-B968-F9E8C238F5AE} = {BCD82A14-0DD6-49DF-9EE7-FBE5DB83137B}
		{CC16D8BE-CF4F-4663-9A95-B2659613768B} = {BCD82A14-0DD6-49DF-9EE7-FBE5DB83137B}
		{C85CF07B-B90C-4F23-81E3-103938D8B34A} = {BCD82A14-0DD6-49DF-9EE7-FBE5DB83137B}
	EndGlobalSection
	GlobalSection(ExtensibilityGlobals) = postSolution
		SolutionGuid = {9C0D64AC-CB2D-4713-8D14-838587A4750B}
	EndGlobalSection
EndGlobal
